// !$*UTF8*$!
{
	archiveVersion = 1;
	classes = {
	};
	objectVersion = 56;
	objects = {

/* Begin PBXBuildFile section */
		44C0A0432BFD6EE2006C0734 /* AppDelegate.swift in Sources */ = {isa = PBXBuildFile; fileRef = 44C0A0422BFD6EE2006C0734 /* AppDelegate.swift */; };
		44C0A0452BFD6EE2006C0734 /* SceneDelegate.swift in Sources */ = {isa = PBXBuildFile; fileRef = 44C0A0442BFD6EE2006C0734 /* SceneDelegate.swift */; };
		44C0A0472BFD6EE2006C0734 /* ViewController.swift in Sources */ = {isa = PBXBuildFile; fileRef = 44C0A0462BFD6EE2006C0734 /* ViewController.swift */; };
		44C0A04A2BFD6EE2006C0734 /* Base in Resources */ = {isa = PBXBuildFile; fileRef = 44C0A0492BFD6EE2006C0734 /* Base */; };
		44C0A04D2BFD6EE2006C0734 /* Assignment5CoreFitApp.xcdatamodeld in Sources */ = {isa = PBXBuildFile; fileRef = 44C0A04B2BFD6EE2006C0734 /* Assignment5CoreFitApp.xcdatamodeld */; };
		44C0A04F2BFD6EE4006C0734 /* Assets.xcassets in Resources */ = {isa = PBXBuildFile; fileRef = 44C0A04E2BFD6EE4006C0734 /* Assets.xcassets */; };
		44C0A0522BFD6EE4006C0734 /* Base in Resources */ = {isa = PBXBuildFile; fileRef = 44C0A0512BFD6EE4006C0734 /* Base */; };
		44C0A05C2BFD70D3006C0734 /* UserModel.swift in Sources */ = {isa = PBXBuildFile; fileRef = 44C0A05B2BFD70D3006C0734 /* UserModel.swift */; };
		44C0A05E2BFD70F6006C0734 /* ExerciseModel.swift in Sources */ = {isa = PBXBuildFile; fileRef = 44C0A05D2BFD70F6006C0734 /* ExerciseModel.swift */; };
		44C0A0602BFD718C006C0734 /* RegistrationViewController.swift in Sources */ = {isa = PBXBuildFile; fileRef = 44C0A05F2BFD718C006C0734 /* RegistrationViewController.swift */; };
		44C0A06E2BFD74E1006C0734 /* LoginViewController.swift in Sources */ = {isa = PBXBuildFile; fileRef = 44C0A06D2BFD74E1006C0734 /* LoginViewController.swift */; };
		44C0A0842BFDA872006C0734 /* UserExerciseCollectionViewCell.swift in Sources */ = {isa = PBXBuildFile; fileRef = 44C0A0832BFDA872006C0734 /* UserExerciseCollectionViewCell.swift */; };
		44C0A0862BFDA881006C0734 /* AdminExerciseCollectionViewCell.swift in Sources */ = {isa = PBXBuildFile; fileRef = 44C0A0852BFDA881006C0734 /* AdminExerciseCollectionViewCell.swift */; };
		44C0A0882BFDA8AE006C0734 /* AdminExerciseListViewController.swift in Sources */ = {isa = PBXBuildFile; fileRef = 44C0A0872BFDA8AE006C0734 /* AdminExerciseListViewController.swift */; };
		44C0A08A2BFDA8BD006C0734 /* UserExerciseListViewController.swift in Sources */ = {isa = PBXBuildFile; fileRef = 44C0A0892BFDA8BD006C0734 /* UserExerciseListViewController.swift */; };
		44C0A0902BFDB371006C0734 /* UserAddWorkoutPlanViewController.swift in Sources */ = {isa = PBXBuildFile; fileRef = 44C0A08F2BFDB371006C0734 /* UserAddWorkoutPlanViewController.swift */; };
		44C0A0922BFEA0FD006C0734 /* DBManager.swift in Sources */ = {isa = PBXBuildFile; fileRef = 44C0A0912BFEA0FD006C0734 /* DBManager.swift */; };
		44C0A0992BFEA17C006C0734 /* User+CoreDataClass.swift in Sources */ = {isa = PBXBuildFile; fileRef = 44C0A0932BFEA17C006C0734 /* User+CoreDataClass.swift */; };
		44C0A09A2BFEA17C006C0734 /* User+CoreDataProperties.swift in Sources */ = {isa = PBXBuildFile; fileRef = 44C0A0942BFEA17C006C0734 /* User+CoreDataProperties.swift */; };
		44C0A09B2BFEA17C006C0734 /* WorkoutPlan+CoreDataClass.swift in Sources */ = {isa = PBXBuildFile; fileRef = 44C0A0952BFEA17C006C0734 /* WorkoutPlan+CoreDataClass.swift */; };
		44C0A09C2BFEA17C006C0734 /* WorkoutPlan+CoreDataProperties.swift in Sources */ = {isa = PBXBuildFile; fileRef = 44C0A0962BFEA17C006C0734 /* WorkoutPlan+CoreDataProperties.swift */; };
		44C0A09D2BFEA17C006C0734 /* ExerciseLibrary+CoreDataClass.swift in Sources */ = {isa = PBXBuildFile; fileRef = 44C0A0972BFEA17C006C0734 /* ExerciseLibrary+CoreDataClass.swift */; };
		44C0A09E2BFEA17C006C0734 /* ExerciseLibrary+CoreDataProperties.swift in Sources */ = {isa = PBXBuildFile; fileRef = 44C0A0982BFEA17C006C0734 /* ExerciseLibrary+CoreDataProperties.swift */; };
		44C0A0A02BFEA51D006C0734 /* AddExerciseViewController.swift in Sources */ = {isa = PBXBuildFile; fileRef = 44C0A09F2BFEA51D006C0734 /* AddExerciseViewController.swift */; };
		44C0A0A22BFEB0C2006C0734 /* WorkoutPlanModel.swift in Sources */ = {isa = PBXBuildFile; fileRef = 44C0A0A12BFEB0C2006C0734 /* WorkoutPlanModel.swift */; };
		44C0A0A42BFEB690006C0734 /* WorkoutPlanExerciseCollectionViewCell.swift in Sources */ = {isa = PBXBuildFile; fileRef = 44C0A0A32BFEB690006C0734 /* WorkoutPlanExerciseCollectionViewCell.swift */; };
		44C0A0A62BFECB45006C0734 /* UserWorkoutPlansViewController.swift in Sources */ = {isa = PBXBuildFile; fileRef = 44C0A0A52BFECB45006C0734 /* UserWorkoutPlansViewController.swift */; };
		44C0A0A82BFECBD5006C0734 /* UserWorkoutPlansTableViewCell.swift in Sources */ = {isa = PBXBuildFile; fileRef = 44C0A0A72BFECBD5006C0734 /* UserWorkoutPlansTableViewCell.swift */; };
/* End PBXBuildFile section */

/* Begin PBXFileReference section */
		44C0A03F2BFD6EE2006C0734 /* Assignment5CoreFitApp.app */ = {isa = PBXFileReference; explicitFileType = wrapper.application; includeInIndex = 0; path = Assignment5CoreFitApp.app; sourceTree = BUILT_PRODUCTS_DIR; };
		44C0A0422BFD6EE2006C0734 /* AppDelegate.swift */ = {isa = PBXFileReference; lastKnownFileType = sourcecode.swift; path = AppDelegate.swift; sourceTree = "<group>"; };
		44C0A0442BFD6EE2006C0734 /* SceneDelegate.swift */ = {isa = PBXFileReference; lastKnownFileType = sourcecode.swift; path = SceneDelegate.swift; sourceTree = "<group>"; };
		44C0A0462BFD6EE2006C0734 /* ViewController.swift */ = {isa = PBXFileReference; lastKnownFileType = sourcecode.swift; path = ViewController.swift; sourceTree = "<group>"; };
		44C0A0492BFD6EE2006C0734 /* Base */ = {isa = PBXFileReference; lastKnownFileType = file.storyboard; name = Base; path = Base.lproj/Main.storyboard; sourceTree = "<group>"; };
		44C0A04C2BFD6EE2006C0734 /* Assignment5CoreFitApp.xcdatamodel */ = {isa = PBXFileReference; lastKnownFileType = wrapper.xcdatamodel; path = Assignment5CoreFitApp.xcdatamodel; sourceTree = "<group>"; };
		44C0A04E2BFD6EE4006C0734 /* Assets.xcassets */ = {isa = PBXFileReference; lastKnownFileType = folder.assetcatalog; path = Assets.xcassets; sourceTree = "<group>"; };
		44C0A0512BFD6EE4006C0734 /* Base */ = {isa = PBXFileReference; lastKnownFileType = file.storyboard; name = Base; path = Base.lproj/LaunchScreen.storyboard; sourceTree = "<group>"; };
		44C0A0532BFD6EE4006C0734 /* Info.plist */ = {isa = PBXFileReference; lastKnownFileType = text.plist.xml; path = Info.plist; sourceTree = "<group>"; };
		44C0A05B2BFD70D3006C0734 /* UserModel.swift */ = {isa = PBXFileReference; lastKnownFileType = sourcecode.swift; path = UserModel.swift; sourceTree = "<group>"; };
		44C0A05D2BFD70F6006C0734 /* ExerciseModel.swift */ = {isa = PBXFileReference; lastKnownFileType = sourcecode.swift; path = ExerciseModel.swift; sourceTree = "<group>"; };
		44C0A05F2BFD718C006C0734 /* RegistrationViewController.swift */ = {isa = PBXFileReference; lastKnownFileType = sourcecode.swift; path = RegistrationViewController.swift; sourceTree = "<group>"; };
		44C0A06D2BFD74E1006C0734 /* LoginViewController.swift */ = {isa = PBXFileReference; lastKnownFileType = sourcecode.swift; path = LoginViewController.swift; sourceTree = "<group>"; };
		44C0A0832BFDA872006C0734 /* UserExerciseCollectionViewCell.swift */ = {isa = PBXFileReference; lastKnownFileType = sourcecode.swift; path = UserExerciseCollectionViewCell.swift; sourceTree = "<group>"; };
		44C0A0852BFDA881006C0734 /* AdminExerciseCollectionViewCell.swift */ = {isa = PBXFileReference; lastKnownFileType = sourcecode.swift; path = AdminExerciseCollectionViewCell.swift; sourceTree = "<group>"; };
		44C0A0872BFDA8AE006C0734 /* AdminExerciseListViewController.swift */ = {isa = PBXFileReference; lastKnownFileType = sourcecode.swift; path = AdminExerciseListViewController.swift; sourceTree = "<group>"; };
		44C0A0892BFDA8BD006C0734 /* UserExerciseListViewController.swift */ = {isa = PBXFileReference; lastKnownFileType = sourcecode.swift; path = UserExerciseListViewController.swift; sourceTree = "<group>"; };
		44C0A08F2BFDB371006C0734 /* UserAddWorkoutPlanViewController.swift */ = {isa = PBXFileReference; lastKnownFileType = sourcecode.swift; path = UserAddWorkoutPlanViewController.swift; sourceTree = "<group>"; };
		44C0A0912BFEA0FD006C0734 /* DBManager.swift */ = {isa = PBXFileReference; lastKnownFileType = sourcecode.swift; path = DBManager.swift; sourceTree = "<group>"; };
		44C0A0932BFEA17C006C0734 /* User+CoreDataClass.swift */ = {isa = PBXFileReference; lastKnownFileType = sourcecode.swift; path = "User+CoreDataClass.swift"; sourceTree = "<group>"; };
		44C0A0942BFEA17C006C0734 /* User+CoreDataProperties.swift */ = {isa = PBXFileReference; lastKnownFileType = sourcecode.swift; path = "User+CoreDataProperties.swift"; sourceTree = "<group>"; };
		44C0A0952BFEA17C006C0734 /* WorkoutPlan+CoreDataClass.swift */ = {isa = PBXFileReference; lastKnownFileType = sourcecode.swift; path = "WorkoutPlan+CoreDataClass.swift"; sourceTree = "<group>"; };
		44C0A0962BFEA17C006C0734 /* WorkoutPlan+CoreDataProperties.swift */ = {isa = PBXFileReference; lastKnownFileType = sourcecode.swift; path = "WorkoutPlan+CoreDataProperties.swift"; sourceTree = "<group>"; };
		44C0A0972BFEA17C006C0734 /* ExerciseLibrary+CoreDataClass.swift */ = {isa = PBXFileReference; lastKnownFileType = sourcecode.swift; path = "ExerciseLibrary+CoreDataClass.swift"; sourceTree = "<group>"; };
		44C0A0982BFEA17C006C0734 /* ExerciseLibrary+CoreDataProperties.swift */ = {isa = PBXFileReference; lastKnownFileType = sourcecode.swift; path = "ExerciseLibrary+CoreDataProperties.swift"; sourceTree = "<group>"; };
		44C0A09F2BFEA51D006C0734 /* AddExerciseViewController.swift */ = {isa = PBXFileReference; lastKnownFileType = sourcecode.swift; path = AddExerciseViewController.swift; sourceTree = "<group>"; };
		44C0A0A12BFEB0C2006C0734 /* WorkoutPlanModel.swift */ = {isa = PBXFileReference; lastKnownFileType = sourcecode.swift; path = WorkoutPlanModel.swift; sourceTree = "<group>"; };
		44C0A0A32BFEB690006C0734 /* WorkoutPlanExerciseCollectionViewCell.swift */ = {isa = PBXFileReference; lastKnownFileType = sourcecode.swift; path = WorkoutPlanExerciseCollectionViewCell.swift; sourceTree = "<group>"; };
		44C0A0A52BFECB45006C0734 /* UserWorkoutPlansViewController.swift */ = {isa = PBXFileReference; lastKnownFileType = sourcecode.swift; path = UserWorkoutPlansViewController.swift; sourceTree = "<group>"; };
		44C0A0A72BFECBD5006C0734 /* UserWorkoutPlansTableViewCell.swift */ = {isa = PBXFileReference; lastKnownFileType = sourcecode.swift; path = UserWorkoutPlansTableViewCell.swift; sourceTree = "<group>"; };
/* End PBXFileReference section */

/* Begin PBXFrameworksBuildPhase section */
		44C0A03C2BFD6EE2006C0734 /* Frameworks */ = {
			isa = PBXFrameworksBuildPhase;
			buildActionMask = 2147483647;
			files = (
			);
			runOnlyForDeploymentPostprocessing = 0;
		};
/* End PBXFrameworksBuildPhase section */

/* Begin PBXGroup section */
		44C0A0362BFD6EE2006C0734 = {
			isa = PBXGroup;
			children = (
				44C0A0412BFD6EE2006C0734 /* Assignment5CoreFitApp */,
				44C0A0402BFD6EE2006C0734 /* Products */,
			);
			sourceTree = "<group>";
		};
		44C0A0402BFD6EE2006C0734 /* Products */ = {
			isa = PBXGroup;
			children = (
				44C0A03F2BFD6EE2006C0734 /* Assignment5CoreFitApp.app */,
			);
			name = Products;
			sourceTree = "<group>";
		};
		44C0A0412BFD6EE2006C0734 /* Assignment5CoreFitApp */ = {
			isa = PBXGroup;
			children = (
				44C0A0932BFEA17C006C0734 /* User+CoreDataClass.swift */,
				44C0A0942BFEA17C006C0734 /* User+CoreDataProperties.swift */,
				44C0A0952BFEA17C006C0734 /* WorkoutPlan+CoreDataClass.swift */,
				44C0A0962BFEA17C006C0734 /* WorkoutPlan+CoreDataProperties.swift */,
				44C0A0972BFEA17C006C0734 /* ExerciseLibrary+CoreDataClass.swift */,
				44C0A0982BFEA17C006C0734 /* ExerciseLibrary+CoreDataProperties.swift */,
				44C0A0422BFD6EE2006C0734 /* AppDelegate.swift */,
				44C0A0442BFD6EE2006C0734 /* SceneDelegate.swift */,
				44C0A0462BFD6EE2006C0734 /* ViewController.swift */,
				44C0A04E2BFD6EE4006C0734 /* Assets.xcassets */,
				44C0A0502BFD6EE4006C0734 /* LaunchScreen.storyboard */,
				44C0A0532BFD6EE4006C0734 /* Info.plist */,
				44C0A0912BFEA0FD006C0734 /* DBManager.swift */,
				44C0A05B2BFD70D3006C0734 /* UserModel.swift */,
				44C0A05D2BFD70F6006C0734 /* ExerciseModel.swift */,
				44C0A0A12BFEB0C2006C0734 /* WorkoutPlanModel.swift */,
				44C0A05F2BFD718C006C0734 /* RegistrationViewController.swift */,
				44C0A06D2BFD74E1006C0734 /* LoginViewController.swift */,
				44C0A04B2BFD6EE2006C0734 /* Assignment5CoreFitApp.xcdatamodeld */,
				44C0A0872BFDA8AE006C0734 /* AdminExerciseListViewController.swift */,
				44C0A0852BFDA881006C0734 /* AdminExerciseCollectionViewCell.swift */,
				44C0A0892BFDA8BD006C0734 /* UserExerciseListViewController.swift */,
				44C0A0832BFDA872006C0734 /* UserExerciseCollectionViewCell.swift */,
				44C0A0482BFD6EE2006C0734 /* Main.storyboard */,
				44C0A09F2BFEA51D006C0734 /* AddExerciseViewController.swift */,
				44C0A0A52BFECB45006C0734 /* UserWorkoutPlansViewController.swift */,
				44C0A0A72BFECBD5006C0734 /* UserWorkoutPlansTableViewCell.swift */,
				44C0A08F2BFDB371006C0734 /* UserAddWorkoutPlanViewController.swift */,
				44C0A0A32BFEB690006C0734 /* WorkoutPlanExerciseCollectionViewCell.swift */,
			);
			path = Assignment5CoreFitApp;
			sourceTree = "<group>";
		};
/* End PBXGroup section */

/* Begin PBXNativeTarget section */
		44C0A03E2BFD6EE2006C0734 /* Assignment5CoreFitApp */ = {
			isa = PBXNativeTarget;
			buildConfigurationList = 44C0A0562BFD6EE4006C0734 /* Build configuration list for PBXNativeTarget "Assignment5CoreFitApp" */;
			buildPhases = (
				44C0A03B2BFD6EE2006C0734 /* Sources */,
				44C0A03C2BFD6EE2006C0734 /* Frameworks */,
				44C0A03D2BFD6EE2006C0734 /* Resources */,
			);
			buildRules = (
			);
			dependencies = (
			);
			name = Assignment5CoreFitApp;
			productName = Assignment5CoreFitApp;
			productReference = 44C0A03F2BFD6EE2006C0734 /* Assignment5CoreFitApp.app */;
			productType = "com.apple.product-type.application";
		};
/* End PBXNativeTarget section */

/* Begin PBXProject section */
		44C0A0372BFD6EE2006C0734 /* Project object */ = {
			isa = PBXProject;
			attributes = {
				BuildIndependentTargetsInParallel = 1;
				LastSwiftUpdateCheck = 1530;
				LastUpgradeCheck = 1530;
				TargetAttributes = {
					44C0A03E2BFD6EE2006C0734 = {
						CreatedOnToolsVersion = 15.3;
					};
				};
			};
			buildConfigurationList = 44C0A03A2BFD6EE2006C0734 /* Build configuration list for PBXProject "Assignment5CoreFitApp" */;
			compatibilityVersion = "Xcode 14.0";
			developmentRegion = en;
			hasScannedForEncodings = 0;
			knownRegions = (
				en,
				Base,
			);
			mainGroup = 44C0A0362BFD6EE2006C0734;
			productRefGroup = 44C0A0402BFD6EE2006C0734 /* Products */;
			projectDirPath = "";
			projectRoot = "";
			targets = (
				44C0A03E2BFD6EE2006C0734 /* Assignment5CoreFitApp */,
			);
		};
/* End PBXProject section */

/* Begin PBXResourcesBuildPhase section */
		44C0A03D2BFD6EE2006C0734 /* Resources */ = {
			isa = PBXResourcesBuildPhase;
			buildActionMask = 2147483647;
			files = (
				44C0A04F2BFD6EE4006C0734 /* Assets.xcassets in Resources */,
				44C0A0522BFD6EE4006C0734 /* Base in Resources */,
				44C0A04A2BFD6EE2006C0734 /* Base in Resources */,
			);
			runOnlyForDeploymentPostprocessing = 0;
		};
/* End PBXResourcesBuildPhase section */

/* Begin PBXSourcesBuildPhase section */
		44C0A03B2BFD6EE2006C0734 /* Sources */ = {
			isa = PBXSourcesBuildPhase;
			buildActionMask = 2147483647;
			files = (
				44C0A0A22BFEB0C2006C0734 /* WorkoutPlanModel.swift in Sources */,
				44C0A0882BFDA8AE006C0734 /* AdminExerciseListViewController.swift in Sources */,
				44C0A0902BFDB371006C0734 /* UserAddWorkoutPlanViewController.swift in Sources */,
				44C0A0472BFD6EE2006C0734 /* ViewController.swift in Sources */,
				44C0A0A82BFECBD5006C0734 /* UserWorkoutPlansTableViewCell.swift in Sources */,
				44C0A0A42BFEB690006C0734 /* WorkoutPlanExerciseCollectionViewCell.swift in Sources */,
				44C0A0A02BFEA51D006C0734 /* AddExerciseViewController.swift in Sources */,
				44C0A0A62BFECB45006C0734 /* UserWorkoutPlansViewController.swift in Sources */,
				44C0A0992BFEA17C006C0734 /* User+CoreDataClass.swift in Sources */,
				44C0A09A2BFEA17C006C0734 /* User+CoreDataProperties.swift in Sources */,
				44C0A09B2BFEA17C006C0734 /* WorkoutPlan+CoreDataClass.swift in Sources */,
				44C0A09C2BFEA17C006C0734 /* WorkoutPlan+CoreDataProperties.swift in Sources */,
				44C0A09D2BFEA17C006C0734 /* ExerciseLibrary+CoreDataClass.swift in Sources */,
				44C0A09E2BFEA17C006C0734 /* ExerciseLibrary+CoreDataProperties.swift in Sources */,
				44C0A0602BFD718C006C0734 /* RegistrationViewController.swift in Sources */,
				44C0A06E2BFD74E1006C0734 /* LoginViewController.swift in Sources */,
				44C0A04D2BFD6EE2006C0734 /* Assignment5CoreFitApp.xcdatamodeld in Sources */,
				44C0A08A2BFDA8BD006C0734 /* UserExerciseListViewController.swift in Sources */,
				44C0A0432BFD6EE2006C0734 /* AppDelegate.swift in Sources */,
				44C0A05E2BFD70F6006C0734 /* ExerciseModel.swift in Sources */,
				44C0A0922BFEA0FD006C0734 /* DBManager.swift in Sources */,
				44C0A0842BFDA872006C0734 /* UserExerciseCollectionViewCell.swift in Sources */,
				44C0A0862BFDA881006C0734 /* AdminExerciseCollectionViewCell.swift in Sources */,
				44C0A05C2BFD70D3006C0734 /* UserModel.swift in Sources */,
				44C0A0452BFD6EE2006C0734 /* SceneDelegate.swift in Sources */,
			);
			runOnlyForDeploymentPostprocessing = 0;
		};
/* End PBXSourcesBuildPhase section */

/* Begin PBXVariantGroup section */
		44C0A0482BFD6EE2006C0734 /* Main.storyboard */ = {
			isa = PBXVariantGroup;
			children = (
				44C0A0492BFD6EE2006C0734 /* Base */,
			);
			name = Main.storyboard;
			sourceTree = "<group>";
		};
		44C0A0502BFD6EE4006C0734 /* LaunchScreen.storyboard */ = {
			isa = PBXVariantGroup;
			children = (
				44C0A0512BFD6EE4006C0734 /* Base */,
			);
			name = LaunchScreen.storyboard;
			sourceTree = "<group>";
		};
/* End PBXVariantGroup section */

/* Begin XCBuildConfiguration section */
		44C0A0542BFD6EE4006C0734 /* Debug */ = {
			isa = XCBuildConfiguration;
			buildSettings = {
				ALWAYS_SEARCH_USER_PATHS = NO;
				ASSETCATALOG_COMPILER_GENERATE_SWIFT_ASSET_SYMBOL_EXTENSIONS = YES;
				CLANG_ANALYZER_NONNULL = YES;
				CLANG_ANALYZER_NUMBER_OBJECT_CONVERSION = YES_AGGRESSIVE;
				CLANG_CXX_LANGUAGE_STANDARD = "gnu++20";
				CLANG_ENABLE_MODULES = YES;
				CLANG_ENABLE_OBJC_ARC = YES;
				CLANG_ENABLE_OBJC_WEAK = YES;
				CLANG_WARN_BLOCK_CAPTURE_AUTORELEASING = YES;
				CLANG_WARN_BOOL_CONVERSION = YES;
				CLANG_WARN_COMMA = YES;
				CLANG_WARN_CONSTANT_CONVERSION = YES;
				CLANG_WARN_DEPRECATED_OBJC_IMPLEMENTATIONS = YES;
				CLANG_WARN_DIRECT_OBJC_ISA_USAGE = YES_ERROR;
				CLANG_WARN_DOCUMENTATION_COMMENTS = YES;
				CLANG_WARN_EMPTY_BODY = YES;
				CLANG_WARN_ENUM_CONVERSION = YES;
				CLANG_WARN_INFINITE_RECURSION = YES;
				CLANG_WARN_INT_CONVERSION = YES;
				CLANG_WARN_NON_LITERAL_NULL_CONVERSION = YES;
				CLANG_WARN_OBJC_IMPLICIT_RETAIN_SELF = YES;
				CLANG_WARN_OBJC_LITERAL_CONVERSION = YES;
				CLANG_WARN_OBJC_ROOT_CLASS = YES_ERROR;
				CLANG_WARN_QUOTED_INCLUDE_IN_FRAMEWORK_HEADER = YES;
				CLANG_WARN_RANGE_LOOP_ANALYSIS = YES;
				CLANG_WARN_STRICT_PROTOTYPES = YES;
				CLANG_WARN_SUSPICIOUS_MOVE = YES;
				CLANG_WARN_UNGUARDED_AVAILABILITY = YES_AGGRESSIVE;
				CLANG_WARN_UNREACHABLE_CODE = YES;
				CLANG_WARN__DUPLICATE_METHOD_MATCH = YES;
				COPY_PHASE_STRIP = NO;
				DEBUG_INFORMATION_FORMAT = dwarf;
				ENABLE_STRICT_OBJC_MSGSEND = YES;
				ENABLE_TESTABILITY = YES;
				ENABLE_USER_SCRIPT_SANDBOXING = YES;
				GCC_C_LANGUAGE_STANDARD = gnu17;
				GCC_DYNAMIC_NO_PIC = NO;
				GCC_NO_COMMON_BLOCKS = YES;
				GCC_OPTIMIZATION_LEVEL = 0;
				GCC_PREPROCESSOR_DEFINITIONS = (
					"DEBUG=1",
					"$(inherited)",
				);
				GCC_WARN_64_TO_32_BIT_CONVERSION = YES;
				GCC_WARN_ABOUT_RETURN_TYPE = YES_ERROR;
				GCC_WARN_UNDECLARED_SELECTOR = YES;
				GCC_WARN_UNINITIALIZED_AUTOS = YES_AGGRESSIVE;
				GCC_WARN_UNUSED_FUNCTION = YES;
				GCC_WARN_UNUSED_VARIABLE = YES;
				IPHONEOS_DEPLOYMENT_TARGET = 17.4;
				LOCALIZATION_PREFERS_STRING_CATALOGS = YES;
				MTL_ENABLE_DEBUG_INFO = INCLUDE_SOURCE;
				MTL_FAST_MATH = YES;
				ONLY_ACTIVE_ARCH = YES;
				SDKROOT = iphoneos;
				SWIFT_ACTIVE_COMPILATION_CONDITIONS = "DEBUG $(inherited)";
				SWIFT_OPTIMIZATION_LEVEL = "-Onone";
			};
			name = Debug;
		};
		44C0A0552BFD6EE4006C0734 /* Release */ = {
			isa = XCBuildConfiguration;
			buildSettings = {
				ALWAYS_SEARCH_USER_PATHS = NO;
				ASSETCATALOG_COMPILER_GENERATE_SWIFT_ASSET_SYMBOL_EXTENSIONS = YES;
				CLANG_ANALYZER_NONNULL = YES;
				CLANG_ANALYZER_NUMBER_OBJECT_CONVERSION = YES_AGGRESSIVE;
				CLANG_CXX_LANGUAGE_STANDARD = "gnu++20";
				CLANG_ENABLE_MODULES = YES;
				CLANG_ENABLE_OBJC_ARC = YES;
				CLANG_ENABLE_OBJC_WEAK = YES;
				CLANG_WARN_BLOCK_CAPTURE_AUTORELEASING = YES;
				CLANG_WARN_BOOL_CONVERSION = YES;
				CLANG_WARN_COMMA = YES;
				CLANG_WARN_CONSTANT_CONVERSION = YES;
				CLANG_WARN_DEPRECATED_OBJC_IMPLEMENTATIONS = YES;
				CLANG_WARN_DIRECT_OBJC_ISA_USAGE = YES_ERROR;
				CLANG_WARN_DOCUMENTATION_COMMENTS = YES;
				CLANG_WARN_EMPTY_BODY = YES;
				CLANG_WARN_ENUM_CONVERSION = YES;
				CLANG_WARN_INFINITE_RECURSION = YES;
				CLANG_WARN_INT_CONVERSION = YES;
				CLANG_WARN_NON_LITERAL_NULL_CONVERSION = YES;
				CLANG_WARN_OBJC_IMPLICIT_RETAIN_SELF = YES;
				CLANG_WARN_OBJC_LITERAL_CONVERSION = YES;
				CLANG_WARN_OBJC_ROOT_CLASS = YES_ERROR;
				CLANG_WARN_QUOTED_INCLUDE_IN_FRAMEWORK_HEADER = YES;
				CLANG_WARN_RANGE_LOOP_ANALYSIS = YES;
				CLANG_WARN_STRICT_PROTOTYPES = YES;
				CLANG_WARN_SUSPICIOUS_MOVE = YES;
				CLANG_WARN_UNGUARDED_AVAILABILITY = YES_AGGRESSIVE;
				CLANG_WARN_UNREACHABLE_CODE = YES;
				CLANG_WARN__DUPLICATE_METHOD_MATCH = YES;
				COPY_PHASE_STRIP = NO;
				DEBUG_INFORMATION_FORMAT = "dwarf-with-dsym";
				ENABLE_NS_ASSERTIONS = NO;
				ENABLE_STRICT_OBJC_MSGSEND = YES;
				ENABLE_USER_SCRIPT_SANDBOXING = YES;
				GCC_C_LANGUAGE_STANDARD = gnu17;
				GCC_NO_COMMON_BLOCKS = YES;
				GCC_WARN_64_TO_32_BIT_CONVERSION = YES;
				GCC_WARN_ABOUT_RETURN_TYPE = YES_ERROR;
				GCC_WARN_UNDECLARED_SELECTOR = YES;
				GCC_WARN_UNINITIALIZED_AUTOS = YES_AGGRESSIVE;
				GCC_WARN_UNUSED_FUNCTION = YES;
				GCC_WARN_UNUSED_VARIABLE = YES;
				IPHONEOS_DEPLOYMENT_TARGET = 17.4;
				LOCALIZATION_PREFERS_STRING_CATALOGS = YES;
				MTL_ENABLE_DEBUG_INFO = NO;
				MTL_FAST_MATH = YES;
				SDKROOT = iphoneos;
				SWIFT_COMPILATION_MODE = wholemodule;
				VALIDATE_PRODUCT = YES;
			};
			name = Release;
		};
		44C0A0572BFD6EE4006C0734 /* Debug */ = {
			isa = XCBuildConfiguration;
			buildSettings = {
				ASSETCATALOG_COMPILER_APPICON_NAME = AppIcon;
				ASSETCATALOG_COMPILER_GLOBAL_ACCENT_COLOR_NAME = AccentColor;
				CODE_SIGN_STYLE = Automatic;
				CURRENT_PROJECT_VERSION = 1;
				DEVELOPMENT_TEAM = 4968R3GVM5;
				GENERATE_INFOPLIST_FILE = YES;
				INFOPLIST_FILE = Assignment5CoreFitApp/Info.plist;
				INFOPLIST_KEY_UIApplicationSupportsIndirectInputEvents = YES;
				INFOPLIST_KEY_UILaunchStoryboardName = LaunchScreen;
				INFOPLIST_KEY_UIMainStoryboardFile = Main;
				INFOPLIST_KEY_UISupportedInterfaceOrientations_iPad = "UIInterfaceOrientationPortrait UIInterfaceOrientationPortraitUpsideDown UIInterfaceOrientationLandscapeLeft UIInterfaceOrientationLandscapeRight";
				INFOPLIST_KEY_UISupportedInterfaceOrientations_iPhone = "UIInterfaceOrientationPortrait UIInterfaceOrientationLandscapeLeft UIInterfaceOrientationLandscapeRight";
				LD_RUNPATH_SEARCH_PATHS = (
					"$(inherited)",
					"@executable_path/Frameworks",
				);
				MARKETING_VERSION = 1.0;
				PRODUCT_BUNDLE_IDENTIFIER = com.organizationname.Assignment5CoreFitApp;
				PRODUCT_NAME = "$(TARGET_NAME)";
				SWIFT_EMIT_LOC_STRINGS = YES;
				SWIFT_VERSION = 5.0;
				TARGETED_DEVICE_FAMILY = "1,2";
			};
			name = Debug;
		};
		44C0A0582BFD6EE4006C0734 /* Release */ = {
			isa = XCBuildConfiguration;
			buildSettings = {
				ASSETCATALOG_COMPILER_APPICON_NAME = AppIcon;
				ASSETCATALOG_COMPILER_GLOBAL_ACCENT_COLOR_NAME = AccentColor;
				CODE_SIGN_STYLE = Automatic;
				CURRENT_PROJECT_VERSION = 1;
				DEVELOPMENT_TEAM = 4968R3GVM5;
				GENERATE_INFOPLIST_FILE = YES;
				INFOPLIST_FILE = Assignment5CoreFitApp/Info.plist;
				INFOPLIST_KEY_UIApplicationSupportsIndirectInputEvents = YES;
				INFOPLIST_KEY_UILaunchStoryboardName = LaunchScreen;
				INFOPLIST_KEY_UIMainStoryboardFile = Main;
				INFOPLIST_KEY_UISupportedInterfaceOrientations_iPad = "UIInterfaceOrientationPortrait UIInterfaceOrientationPortraitUpsideDown UIInterfaceOrientationLandscapeLeft UIInterfaceOrientationLandscapeRight";
				INFOPLIST_KEY_UISupportedInterfaceOrientations_iPhone = "UIInterfaceOrientationPortrait UIInterfaceOrientationLandscapeLeft UIInterfaceOrientationLandscapeRight";
				LD_RUNPATH_SEARCH_PATHS = (
					"$(inherited)",
					"@executable_path/Frameworks",
				);
				MARKETING_VERSION = 1.0;
				PRODUCT_BUNDLE_IDENTIFIER = com.organizationname.Assignment5CoreFitApp;
				PRODUCT_NAME = "$(TARGET_NAME)";
				SWIFT_EMIT_LOC_STRINGS = YES;
				SWIFT_VERSION = 5.0;
				TARGETED_DEVICE_FAMILY = "1,2";
			};
			name = Release;
		};
/* End XCBuildConfiguration section */

/* Begin XCConfigurationList section */
		44C0A03A2BFD6EE2006C0734 /* Build configuration list for PBXProject "Assignment5CoreFitApp" */ = {
			isa = XCConfigurationList;
			buildConfigurations = (
				44C0A0542BFD6EE4006C0734 /* Debug */,
				44C0A0552BFD6EE4006C0734 /* Release */,
			);
			defaultConfigurationIsVisible = 0;
			defaultConfigurationName = Release;
		};
		44C0A0562BFD6EE4006C0734 /* Build configuration list for PBXNativeTarget "Assignment5CoreFitApp" */ = {
			isa = XCConfigurationList;
			buildConfigurations = (
				44C0A0572BFD6EE4006C0734 /* Debug */,
				44C0A0582BFD6EE4006C0734 /* Release */,
			);
			defaultConfigurationIsVisible = 0;
			defaultConfigurationName = Release;
		};
/* End XCConfigurationList section */

/* Begin XCVersionGroup section */
		44C0A04B2BFD6EE2006C0734 /* Assignment5CoreFitApp.xcdatamodeld */ = {
			isa = XCVersionGroup;
			children = (
				44C0A04C2BFD6EE2006C0734 /* Assignment5CoreFitApp.xcdatamodel */,
			);
			currentVersion = 44C0A04C2BFD6EE2006C0734 /* Assignment5CoreFitApp.xcdatamodel */;
			path = Assignment5CoreFitApp.xcdatamodeld;
			sourceTree = "<group>";
			versionGroupType = wrapper.xcdatamodel;
		};
/* End XCVersionGroup section */
	};
	rootObject = 44C0A0372BFD6EE2006C0734 /* Project object */;
}
